// !$*UTF8*$!
{
	archiveVersion = 1;
	classes = {
	};
	objectVersion = 50;
	objects = {

/* Begin PBXBuildFile section */
		C91B0AA320BF822000A28EA9 /* AppDelegate.swift in Sources */ = {isa = PBXBuildFile; fileRef = C91B0AA220BF822000A28EA9 /* AppDelegate.swift */; };
		C91B0AA520BF822000A28EA9 /* ViewController.swift in Sources */ = {isa = PBXBuildFile; fileRef = C91B0AA420BF822000A28EA9 /* ViewController.swift */; };
		C91B0AA820BF822000A28EA9 /* Main.storyboard in Resources */ = {isa = PBXBuildFile; fileRef = C91B0AA620BF822000A28EA9 /* Main.storyboard */; };
		C91B0AAA20BF822200A28EA9 /* Assets.xcassets in Resources */ = {isa = PBXBuildFile; fileRef = C91B0AA920BF822200A28EA9 /* Assets.xcassets */; };
		C91B0AAD20BF822200A28EA9 /* LaunchScreen.storyboard in Resources */ = {isa = PBXBuildFile; fileRef = C91B0AAB20BF822200A28EA9 /* LaunchScreen.storyboard */; };
		C91B0AB820BF822200A28EA9 /* _3_______Tests.swift in Sources */ = {isa = PBXBuildFile; fileRef = C91B0AB720BF822200A28EA9 /* _3_______Tests.swift */; };
		C91B0AC320BF822200A28EA9 /* _3_______UITests.swift in Sources */ = {isa = PBXBuildFile; fileRef = C91B0AC220BF822200A28EA9 /* _3_______UITests.swift */; };
		C91B0AD320BF84AB00A28EA9 /* SYJRadioButtonsController.swift in Sources */ = {isa = PBXBuildFile; fileRef = C91B0AD220BF84AB00A28EA9 /* SYJRadioButtonsController.swift */; };
		C91B0AD520BF85F500A28EA9 /* SYJRadioButton.swift in Sources */ = {isa = PBXBuildFile; fileRef = C91B0AD420BF85F500A28EA9 /* SYJRadioButton.swift */; };
/* End PBXBuildFile section */

/* Begin PBXContainerItemProxy section */
		C91B0AB420BF822200A28EA9 /* PBXContainerItemProxy */ = {
			isa = PBXContainerItemProxy;
			containerPortal = C91B0A9720BF822000A28EA9 /* Project object */;
			proxyType = 1;
			remoteGlobalIDString = C91B0A9E20BF822000A28EA9;
			remoteInfo = "03-单选和复选框";
		};
		C91B0ABF20BF822200A28EA9 /* PBXContainerItemProxy */ = {
			isa = PBXContainerItemProxy;
			containerPortal = C91B0A9720BF822000A28EA9 /* Project object */;
			proxyType = 1;
			remoteGlobalIDString = C91B0A9E20BF822000A28EA9;
			remoteInfo = "03-单选和复选框";
		};
/* End PBXContainerItemProxy section */

/* Begin PBXFileReference section */
		C91B0A9F20BF822000A28EA9 /* 03-单选和复选框.app */ = {isa = PBXFileReference; explicitFileType = wrapper.application; includeInIndex = 0; path = "03-单选和复选框.app"; sourceTree = BUILT_PRODUCTS_DIR; };
		C91B0AA220BF822000A28EA9 /* AppDelegate.swift */ = {isa = PBXFileReference; lastKnownFileType = sourcecode.swift; path = AppDelegate.swift; sourceTree = "<group>"; };
		C91B0AA420BF822000A28EA9 /* ViewController.swift */ = {isa = PBXFileReference; lastKnownFileType = sourcecode.swift; path = ViewController.swift; sourceTree = "<group>"; };
		C91B0AA720BF822000A28EA9 /* Base */ = {isa = PBXFileReference; lastKnownFileType = file.storyboard; name = Base; path = Base.lproj/Main.storyboard; sourceTree = "<group>"; };
		C91B0AA920BF822200A28EA9 /* Assets.xcassets */ = {isa = PBXFileReference; lastKnownFileType = folder.assetcatalog; path = Assets.xcassets; sourceTree = "<group>"; };
		C91B0AAC20BF822200A28EA9 /* Base */ = {isa = PBXFileReference; lastKnownFileType = file.storyboard; name = Base; path = Base.lproj/LaunchScreen.storyboard; sourceTree = "<group>"; };
		C91B0AAE20BF822200A28EA9 /* Info.plist */ = {isa = PBXFileReference; lastKnownFileType = text.plist.xml; path = Info.plist; sourceTree = "<group>"; };
		C91B0AB320BF822200A28EA9 /* 03-单选和复选框Tests.xctest */ = {isa = PBXFileReference; explicitFileType = wrapper.cfbundle; includeInIndex = 0; path = "03-单选和复选框Tests.xctest"; sourceTree = BUILT_PRODUCTS_DIR; };
		C91B0AB720BF822200A28EA9 /* _3_______Tests.swift */ = {isa = PBXFileReference; lastKnownFileType = sourcecode.swift; path = "_3_______Tests.swift"; sourceTree = "<group>"; };
		C91B0AB920BF822200A28EA9 /* Info.plist */ = {isa = PBXFileReference; lastKnownFileType = text.plist.xml; path = Info.plist; sourceTree = "<group>"; };
		C91B0ABE20BF822200A28EA9 /* 03-单选和复选框UITests.xctest */ = {isa = PBXFileReference; explicitFileType = wrapper.cfbundle; includeInIndex = 0; path = "03-单选和复选框UITests.xctest"; sourceTree = BUILT_PRODUCTS_DIR; };
		C91B0AC220BF822200A28EA9 /* _3_______UITests.swift */ = {isa = PBXFileReference; lastKnownFileType = sourcecode.swift; path = "_3_______UITests.swift"; sourceTree = "<group>"; };
		C91B0AC420BF822200A28EA9 /* Info.plist */ = {isa = PBXFileReference; lastKnownFileType = text.plist.xml; path = Info.plist; sourceTree = "<group>"; };
		C91B0AD220BF84AB00A28EA9 /* SYJRadioButtonsController.swift */ = {isa = PBXFileReference; lastKnownFileType = sourcecode.swift; path = SYJRadioButtonsController.swift; sourceTree = "<group>"; };
		C91B0AD420BF85F500A28EA9 /* SYJRadioButton.swift */ = {isa = PBXFileReference; lastKnownFileType = sourcecode.swift; path = SYJRadioButton.swift; sourceTree = "<group>"; };
/* End PBXFileReference section */

/* Begin PBXFrameworksBuildPhase section */
		C91B0A9C20BF822000A28EA9 /* Frameworks */ = {
			isa = PBXFrameworksBuildPhase;
			buildActionMask = 2147483647;
			files = (
			);
			runOnlyForDeploymentPostprocessing = 0;
		};
		C91B0AB020BF822200A28EA9 /* Frameworks */ = {
			isa = PBXFrameworksBuildPhase;
			buildActionMask = 2147483647;
			files = (
			);
			runOnlyForDeploymentPostprocessing = 0;
		};
		C91B0ABB20BF822200A28EA9 /* Frameworks */ = {
			isa = PBXFrameworksBuildPhase;
			buildActionMask = 2147483647;
			files = (
			);
			runOnlyForDeploymentPostprocessing = 0;
		};
/* End PBXFrameworksBuildPhase section */

/* Begin PBXGroup section */
		C91B0A9620BF822000A28EA9 = {
			isa = PBXGroup;
			children = (
				C91B0AA120BF822000A28EA9 /* 03-单选和复选框 */,
				C91B0AB620BF822200A28EA9 /* 03-单选和复选框Tests */,
				C91B0AC120BF822200A28EA9 /* 03-单选和复选框UITests */,
				C91B0AA020BF822000A28EA9 /* Products */,
			);
			sourceTree = "<group>";
		};
		C91B0AA020BF822000A28EA9 /* Products */ = {
			isa = PBXGroup;
			children = (
				C91B0A9F20BF822000A28EA9 /* 03-单选和复选框.app */,
				C91B0AB320BF822200A28EA9 /* 03-单选和复选框Tests.xctest */,
				C91B0ABE20BF822200A28EA9 /* 03-单选和复选框UITests.xctest */,
			);
			name = Products;
			sourceTree = "<group>";
		};
		C91B0AA120BF822000A28EA9 /* 03-单选和复选框 */ = {
			isa = PBXGroup;
			children = (
				C91B0AA220BF822000A28EA9 /* AppDelegate.swift */,
				C91B0AA420BF822000A28EA9 /* ViewController.swift */,
				C91B0AA620BF822000A28EA9 /* Main.storyboard */,
				C91B0AD020BF848200A28EA9 /* MultipleChoice */,
				C91B0AD120BF848200A28EA9 /* RadioButton */,
				C91B0AA920BF822200A28EA9 /* Assets.xcassets */,
				C91B0AAB20BF822200A28EA9 /* LaunchScreen.storyboard */,
				C91B0AAE20BF822200A28EA9 /* Info.plist */,
			);
			path = "03-单选和复选框";
			sourceTree = "<group>";
		};
		C91B0AB620BF822200A28EA9 /* 03-单选和复选框Tests */ = {
			isa = PBXGroup;
			children = (
				C91B0AB720BF822200A28EA9 /* _3_______Tests.swift */,
				C91B0AB920BF822200A28EA9 /* Info.plist */,
			);
			path = "03-单选和复选框Tests";
			sourceTree = "<group>";
		};
		C91B0AC120BF822200A28EA9 /* 03-单选和复选框UITests */ = {
			isa = PBXGroup;
			children = (
				C91B0AC220BF822200A28EA9 /* _3_______UITests.swift */,
				C91B0AC420BF822200A28EA9 /* Info.plist */,
			);
			path = "03-单选和复选框UITests";
			sourceTree = "<group>";
		};
		C91B0AD020BF848200A28EA9 /* MultipleChoice */ = {
			isa = PBXGroup;
			children = (
			);
			path = MultipleChoice;
			sourceTree = "<group>";
		};
		C91B0AD120BF848200A28EA9 /* RadioButton */ = {
			isa = PBXGroup;
			children = (
				C91B0AD220BF84AB00A28EA9 /* SYJRadioButtonsController.swift */,
				C91B0AD420BF85F500A28EA9 /* SYJRadioButton.swift */,
			);
			path = RadioButton;
			sourceTree = "<group>";
		};
/* End PBXGroup section */

/* Begin PBXNativeTarget section */
		C91B0A9E20BF822000A28EA9 /* 03-单选和复选框 */ = {
			isa = PBXNativeTarget;
			buildConfigurationList = C91B0AC720BF822200A28EA9 /* Build configuration list for PBXNativeTarget "03-单选和复选框" */;
			buildPhases = (
				C91B0A9B20BF822000A28EA9 /* Sources */,
				C91B0A9C20BF822000A28EA9 /* Frameworks */,
				C91B0A9D20BF822000A28EA9 /* Resources */,
			);
			buildRules = (
			);
			dependencies = (
			);
			name = "03-单选和复选框";
			productName = "03-单选和复选框";
			productReference = C91B0A9F20BF822000A28EA9 /* 03-单选和复选框.app */;
			productType = "com.apple.product-type.application";
		};
		C91B0AB220BF822200A28EA9 /* 03-单选和复选框Tests */ = {
			isa = PBXNativeTarget;
			buildConfigurationList = C91B0ACA20BF822200A28EA9 /* Build configuration list for PBXNativeTarget "03-单选和复选框Tests" */;
			buildPhases = (
				C91B0AAF20BF822200A28EA9 /* Sources */,
				C91B0AB020BF822200A28EA9 /* Frameworks */,
				C91B0AB120BF822200A28EA9 /* Resources */,
			);
			buildRules = (
			);
			dependencies = (
				C91B0AB520BF822200A28EA9 /* PBXTargetDependency */,
			);
			name = "03-单选和复选框Tests";
			productName = "03-单选和复选框Tests";
			productReference = C91B0AB320BF822200A28EA9 /* 03-单选和复选框Tests.xctest */;
			productType = "com.apple.product-type.bundle.unit-test";
		};
		C91B0ABD20BF822200A28EA9 /* 03-单选和复选框UITests */ = {
			isa = PBXNativeTarget;
			buildConfigurationList = C91B0ACD20BF822200A28EA9 /* Build configuration list for PBXNativeTarget "03-单选和复选框UITests" */;
			buildPhases = (
				C91B0ABA20BF822200A28EA9 /* Sources */,
				C91B0ABB20BF822200A28EA9 /* Frameworks */,
				C91B0ABC20BF822200A28EA9 /* Resources */,
			);
			buildRules = (
			);
			dependencies = (
				C91B0AC020BF822200A28EA9 /* PBXTargetDependency */,
			);
			name = "03-单选和复选框UITests";
			productName = "03-单选和复选框UITests";
			productReference = C91B0ABE20BF822200A28EA9 /* 03-单选和复选框UITests.xctest */;
			productType = "com.apple.product-type.bundle.ui-testing";
		};
/* End PBXNativeTarget section */

/* Begin PBXProject section */
		C91B0A9720BF822000A28EA9 /* Project object */ = {
			isa = PBXProject;
			attributes = {
				LastSwiftUpdateCheck = 0930;
				LastUpgradeCheck = 0930;
				ORGANIZATIONNAME = SYJ;
				TargetAttributes = {
					C91B0A9E20BF822000A28EA9 = {
						CreatedOnToolsVersion = 9.3;
					};
					C91B0AB220BF822200A28EA9 = {
						CreatedOnToolsVersion = 9.3;
						TestTargetID = C91B0A9E20BF822000A28EA9;
					};
					C91B0ABD20BF822200A28EA9 = {
						CreatedOnToolsVersion = 9.3;
						TestTargetID = C91B0A9E20BF822000A28EA9;
					};
				};
			};
			buildConfigurationList = C91B0A9A20BF822000A28EA9 /* Build configuration list for PBXProject "03-单选和复选框" */;
			compatibilityVersion = "Xcode 9.3";
			developmentRegion = en;
			hasScannedForEncodings = 0;
			knownRegions = (
				en,
				Base,
			);
			mainGroup = C91B0A9620BF822000A28EA9;
			productRefGroup = C91B0AA020BF822000A28EA9 /* Products */;
			projectDirPath = "";
			projectRoot = "";
			targets = (
				C91B0A9E20BF822000A28EA9 /* 03-单选和复选框 */,
				C91B0AB220BF822200A28EA9 /* 03-单选和复选框Tests */,
				C91B0ABD20BF822200A28EA9 /* 03-单选和复选框UITests */,
			);
		};
/* End PBXProject section */

/* Begin PBXResourcesBuildPhase section */
		C91B0A9D20BF822000A28EA9 /* Resources */ = {
			isa = PBXResourcesBuildPhase;
			buildActionMask = 2147483647;
			files = (
				C91B0AAD20BF822200A28EA9 /* LaunchScreen.storyboard in Resources */,
				C91B0AAA20BF822200A28EA9 /* Assets.xcassets in Resources */,
				C91B0AA820BF822000A28EA9 /* Main.storyboard in Resources */,
			);
			runOnlyForDeploymentPostprocessing = 0;
		};
		C91B0AB120BF822200A28EA9 /* Resources */ = {
			isa = PBXResourcesBuildPhase;
			buildActionMask = 2147483647;
			files = (
			);
			runOnlyForDeploymentPostprocessing = 0;
		};
		C91B0ABC20BF822200A28EA9 /* Resources */ = {
			isa = PBXResourcesBuildPhase;
			buildActionMask = 2147483647;
			files = (
			);
			runOnlyForDeploymentPostprocessing = 0;
		};
/* End PBXResourcesBuildPhase section */

/* Begin PBXSourcesBuildPhase section */
		C91B0A9B20BF822000A28EA9 /* Sources */ = {
			isa = PBXSourcesBuildPhase;
			buildActionMask = 2147483647;
			files = (
				C91B0AD520BF85F500A28EA9 /* SYJRadioButton.swift in Sources */,
				C91B0AA520BF822000A28EA9 /* ViewController.swift in Sources */,
				C91B0AD320BF84AB00A28EA9 /* SYJRadioButtonsController.swift in Sources */,
				C91B0AA320BF822000A28EA9 /* AppDelegate.swift in Sources */,
			);
			runOnlyForDeploymentPostprocessing = 0;
		};
		C91B0AAF20BF822200A28EA9 /* Sources */ = {
			isa = PBXSourcesBuildPhase;
			buildActionMask = 2147483647;
			files = (
				C91B0AB820BF822200A28EA9 /* _3_______Tests.swift in Sources */,
			);
			runOnlyForDeploymentPostprocessing = 0;
		};
		C91B0ABA20BF822200A28EA9 /* Sources */ = {
			isa = PBXSourcesBuildPhase;
			buildActionMask = 2147483647;
			files = (
				C91B0AC320BF822200A28EA9 /* _3_______UITests.swift in Sources */,
			);
			runOnlyForDeploymentPostprocessing = 0;
		};
/* End PBXSourcesBuildPhase section */

/* Begin PBXTargetDependency section */
		C91B0AB520BF822200A28EA9 /* PBXTargetDependency */ = {
			isa = PBXTargetDependency;
			target = C91B0A9E20BF822000A28EA9 /* 03-单选和复选框 */;
			targetProxy = C91B0AB420BF822200A28EA9 /* PBXContainerItemProxy */;
		};
		C91B0AC020BF822200A28EA9 /* PBXTargetDependency */ = {
			isa = PBXTargetDependency;
			target = C91B0A9E20BF822000A28EA9 /* 03-单选和复选框 */;
			targetProxy = C91B0ABF20BF822200A28EA9 /* PBXContainerItemProxy */;
		};
/* End PBXTargetDependency section */

/* Begin PBXVariantGroup section */
		C91B0AA620BF822000A28EA9 /* Main.storyboard */ = {
			isa = PBXVariantGroup;
			children = (
				C91B0AA720BF822000A28EA9 /* Base */,
			);
			name = Main.storyboard;
			sourceTree = "<group>";
		};
		C91B0AAB20BF822200A28EA9 /* LaunchScreen.storyboard */ = {
			isa = PBXVariantGroup;
			children = (
				C91B0AAC20BF822200A28EA9 /* Base */,
			);
			name = LaunchScreen.storyboard;
			sourceTree = "<group>";
		};
/* End PBXVariantGroup section */

/* Begin XCBuildConfiguration section */
		C91B0AC520BF822200A28EA9 /* Debug */ = {
			isa = XCBuildConfiguration;
			buildSettings = {
				ALWAYS_SEARCH_USER_PATHS = NO;
				CLANG_ANALYZER_NONNULL = YES;
				CLANG_ANALYZER_NUMBER_OBJECT_CONVERSION = YES_AGGRESSIVE;
				CLANG_CXX_LANGUAGE_STANDARD = "gnu++14";
				CLANG_CXX_LIBRARY = "libc++";
				CLANG_ENABLE_MODULES = YES;
				CLANG_ENABLE_OBJC_ARC = YES;
				CLANG_ENABLE_OBJC_WEAK = YES;
				CLANG_WARN_BLOCK_CAPTURE_AUTORELEASING = YES;
				CLANG_WARN_BOOL_CONVERSION = YES;
				CLANG_WARN_COMMA = YES;
				CLANG_WARN_CONSTANT_CONVERSION = YES;
				CLANG_WARN_DEPRECATED_OBJC_IMPLEMENTATIONS = YES;
				CLANG_WARN_DIRECT_OBJC_ISA_USAGE = YES_ERROR;
				CLANG_WARN_DOCUMENTATION_COMMENTS = YES;
				CLANG_WARN_EMPTY_BODY = YES;
				CLANG_WARN_ENUM_CONVERSION = YES;
				CLANG_WARN_INFINITE_RECURSION = YES;
				CLANG_WARN_INT_CONVERSION = YES;
				CLANG_WARN_NON_LITERAL_NULL_CONVERSION = YES;
				CLANG_WARN_OBJC_IMPLICIT_RETAIN_SELF = YES;
				CLANG_WARN_OBJC_LITERAL_CONVERSION = YES;
				CLANG_WARN_OBJC_ROOT_CLASS = YES_ERROR;
				CLANG_WARN_RANGE_LOOP_ANALYSIS = YES;
				CLANG_WARN_STRICT_PROTOTYPES = YES;
				CLANG_WARN_SUSPICIOUS_MOVE = YES;
				CLANG_WARN_UNGUARDED_AVAILABILITY = YES_AGGRESSIVE;
				CLANG_WARN_UNREACHABLE_CODE = YES;
				CLANG_WARN__DUPLICATE_METHOD_MATCH = YES;
				CODE_SIGN_IDENTITY = "iPhone Developer";
				COPY_PHASE_STRIP = NO;
				DEBUG_INFORMATION_FORMAT = dwarf;
				ENABLE_STRICT_OBJC_MSGSEND = YES;
				ENABLE_TESTABILITY = YES;
				GCC_C_LANGUAGE_STANDARD = gnu11;
				GCC_DYNAMIC_NO_PIC = NO;
				GCC_NO_COMMON_BLOCKS = YES;
				GCC_OPTIMIZATION_LEVEL = 0;
				GCC_PREPROCESSOR_DEFINITIONS = (
					"DEBUG=1",
					"$(inherited)",
				);
				GCC_WARN_64_TO_32_BIT_CONVERSION = YES;
				GCC_WARN_ABOUT_RETURN_TYPE = YES_ERROR;
				GCC_WARN_UNDECLARED_SELECTOR = YES;
				GCC_WARN_UNINITIALIZED_AUTOS = YES_AGGRESSIVE;
				GCC_WARN_UNUSED_FUNCTION = YES;
				GCC_WARN_UNUSED_VARIABLE = YES;
				IPHONEOS_DEPLOYMENT_TARGET = 11.3;
				MTL_ENABLE_DEBUG_INFO = YES;
				ONLY_ACTIVE_ARCH = YES;
				SDKROOT = iphoneos;
				SWIFT_ACTIVE_COMPILATION_CONDITIONS = DEBUG;
				SWIFT_OPTIMIZATION_LEVEL = "-Onone";
			};
			name = Debug;
		};
		C91B0AC620BF822200A28EA9 /* Release */ = {
			isa = XCBuildConfiguration;
			buildSettings = {
				ALWAYS_SEARCH_USER_PATHS = NO;
				CLANG_ANALYZER_NONNULL = YES;
				CLANG_ANALYZER_NUMBER_OBJECT_CONVERSION = YES_AGGRESSIVE;
				CLANG_CXX_LANGUAGE_STANDARD = "gnu++14";
				CLANG_CXX_LIBRARY = "libc++";
				CLANG_ENABLE_MODULES = YES;
				CLANG_ENABLE_OBJC_ARC = YES;
				CLANG_ENABLE_OBJC_WEAK = YES;
				CLANG_WARN_BLOCK_CAPTURE_AUTORELEASING = YES;
				CLANG_WARN_BOOL_CONVERSION = YES;
				CLANG_WARN_COMMA = YES;
				CLANG_WARN_CONSTANT_CONVERSION = YES;
				CLANG_WARN_DEPRECATED_OBJC_IMPLEMENTATIONS = YES;
				CLANG_WARN_DIRECT_OBJC_ISA_USAGE = YES_ERROR;
				CLANG_WARN_DOCUMENTATION_COMMENTS = YES;
				CLANG_WARN_EMPTY_BODY = YES;
				CLANG_WARN_ENUM_CONVERSION = YES;
				CLANG_WARN_INFINITE_RECURSION = YES;
				CLANG_WARN_INT_CONVERSION = YES;
				CLANG_WARN_NON_LITERAL_NULL_CONVERSION = YES;
				CLANG_WARN_OBJC_IMPLICIT_RETAIN_SELF = YES;
				CLANG_WARN_OBJC_LITERAL_CONVERSION = YES;
				CLANG_WARN_OBJC_ROOT_CLASS = YES_ERROR;
				CLANG_WARN_RANGE_LOOP_ANALYSIS = YES;
				CLANG_WARN_STRICT_PROTOTYPES = YES;
				CLANG_WARN_SUSPICIOUS_MOVE = YES;
				CLANG_WARN_UNGUARDED_AVAILABILITY = YES_AGGRESSIVE;
				CLANG_WARN_UNREACHABLE_CODE = YES;
				CLANG_WARN__DUPLICATE_METHOD_MATCH = YES;
				CODE_SIGN_IDENTITY = "iPhone Developer";
				COPY_PHASE_STRIP = NO;
				DEBUG_INFORMATION_FORMAT = "dwarf-with-dsym";
				ENABLE_NS_ASSERTIONS = NO;
				ENABLE_STRICT_OBJC_MSGSEND = YES;
				GCC_C_LANGUAGE_STANDARD = gnu11;
				GCC_NO_COMMON_BLOCKS = YES;
				GCC_WARN_64_TO_32_BIT_CONVERSION = YES;
				GCC_WARN_ABOUT_RETURN_TYPE = YES_ERROR;
				GCC_WARN_UNDECLARED_SELECTOR = YES;
				GCC_WARN_UNINITIALIZED_AUTOS = YES_AGGRESSIVE;
				GCC_WARN_UNUSED_FUNCTION = YES;
				GCC_WARN_UNUSED_VARIABLE = YES;
				IPHONEOS_DEPLOYMENT_TARGET = 11.3;
				MTL_ENABLE_DEBUG_INFO = NO;
				SDKROOT = iphoneos;
				SWIFT_COMPILATION_MODE = wholemodule;
				SWIFT_OPTIMIZATION_LEVEL = "-O";
				VALIDATE_PRODUCT = YES;
			};
			name = Release;
		};
		C91B0AC820BF822200A28EA9 /* Debug */ = {
			isa = XCBuildConfiguration;
			buildSettings = {
				ASSETCATALOG_COMPILER_APPICON_NAME = AppIcon;
				CODE_SIGN_STYLE = Automatic;
				INFOPLIST_FILE = "03-单选和复选框/Info.plist";
				IPHONEOS_DEPLOYMENT_TARGET = 9.0;
				LD_RUNPATH_SEARCH_PATHS = (
					"$(inherited)",
					"@executable_path/Frameworks",
				);
				PRODUCT_BUNDLE_IDENTIFIER = "com.syj.-3-------";
				PRODUCT_NAME = "$(TARGET_NAME)";
				SWIFT_VERSION = 4.0;
				TARGETED_DEVICE_FAMILY = "1,2";
			};
			name = Debug;
		};
		C91B0AC920BF822200A28EA9 /* Release */ = {
			isa = XCBuildConfiguration;
			buildSettings = {
				ASSETCATALOG_COMPILER_APPICON_NAME = AppIcon;
				CODE_SIGN_STYLE = Automatic;
				INFOPLIST_FILE = "03-单选和复选框/Info.plist";
				IPHONEOS_DEPLOYMENT_TARGET = 9.0;
				LD_RUNPATH_SEARCH_PATHS = (
					"$(inherited)",
					"@executable_path/Frameworks",
				);
				PRODUCT_BUNDLE_IDENTIFIER = "com.syj.-3-------";
				PRODUCT_NAME = "$(TARGET_NAME)";
				SWIFT_VERSION = 4.0;
				TARGETED_DEVICE_FAMILY = "1,2";
			};
			name = Release;
		};
		C91B0ACB20BF822200A28EA9 /* Debug */ = {
			isa = XCBuildConfiguration;
			buildSettings = {
				ALWAYS_EMBED_SWIFT_STANDARD_LIBRARIES = YES;
				BUNDLE_LOADER = "$(TEST_HOST)";
				CODE_SIGN_STYLE = Automatic;
				INFOPLIST_FILE = "03-单选和复选框Tests/Info.plist";
				LD_RUNPATH_SEARCH_PATHS = (
					"$(inherited)",
					"@executable_path/Frameworks",
					"@loader_path/Frameworks",
				);
				PRODUCT_BUNDLE_IDENTIFIER = "com.syj.-3-------Tests";
				PRODUCT_NAME = "$(TARGET_NAME)";
				SWIFT_VERSION = 4.0;
				TARGETED_DEVICE_FAMILY = "1,2";
				TEST_HOST = "$(BUILT_PRODUCTS_DIR)/03-单选和复选框.app/03-单选和复选框";
			};
			name = Debug;
		};
		C91B0ACC20BF822200A28EA9 /* Release */ = {
			isa = XCBuildConfiguration;
			buildSettings = {
				ALWAYS_EMBED_SWIFT_STANDARD_LIBRARIES = YES;
				BUNDLE_LOADER = "$(TEST_HOST)";
				CODE_SIGN_STYLE = Automatic;
				INFOPLIST_FILE = "03-单选和复选框Tests/Info.plist";
				LD_RUNPATH_SEARCH_PATHS = (
					"$(inherited)",
					"@executable_path/Frameworks",
					"@loader_path/Frameworks",
				);
				PRODUCT_BUNDLE_IDENTIFIER = "com.syj.-3-------Tests";
				PRODUCT_NAME = "$(TARGET_NAME)";
				SWIFT_VERSION = 4.0;
				TARGETED_DEVICE_FAMILY = "1,2";
				TEST_HOST = "$(BUILT_PRODUCTS_DIR)/03-单选和复选框.app/03-单选和复选框";
			};
			name = Release;
		};
		C91B0ACE20BF822200A28EA9 /* Debug */ = {
			isa = XCBuildConfiguration;
			buildSettings = {
				ALWAYS_EMBED_SWIFT_STANDARD_LIBRARIES = YES;
				CODE_SIGN_STYLE = Automatic;
				INFOPLIST_FILE = "03-单选和复选框UITests/Info.plist";
				LD_RUNPATH_SEARCH_PATHS = (
					"$(inherited)",
					"@executable_path/Frameworks",
					"@loader_path/Frameworks",
				);
				PRODUCT_BUNDLE_IDENTIFIER = "com.syj.-3-------UITests";
				PRODUCT_NAME = "$(TARGET_NAME)";
				SWIFT_VERSION = 4.0;
				TARGETED_DEVICE_FAMILY = "1,2";
				TEST_TARGET_NAME = "03-单选和复选框";
			};
			name = Debug;
		};
		C91B0ACF20BF822200A28EA9 /* Release */ = {
			isa = XCBuildConfiguration;
			buildSettings = {
				ALWAYS_EMBED_SWIFT_STANDARD_LIBRARIES = YES;
				CODE_SIGN_STYLE = Automatic;
				INFOPLIST_FILE = "03-单选和复选框UITests/Info.plist";
				LD_RUNPATH_SEARCH_PATHS = (
					"$(inherited)",
					"@executable_path/Frameworks",
					"@loader_path/Frameworks",
				);
				PRODUCT_BUNDLE_IDENTIFIER = "com.syj.-3-------UITests";
				PRODUCT_NAME = "$(TARGET_NAME)";
				SWIFT_VERSION = 4.0;
				TARGETED_DEVICE_FAMILY = "1,2";
				TEST_TARGET_NAME = "03-单选和复选框";
			};
			name = Release;
		};
/* End XCBuildConfiguration section */

/* Begin XCConfigurationList section */
		C91B0A9A20BF822000A28EA9 /* Build configuration list for PBXProject "03-单选和复选框" */ = {
			isa = XCConfigurationList;
			buildConfigurations = (
				C91B0AC520BF822200A28EA9 /* Debug */,
				C91B0AC620BF822200A28EA9 /* Release */,
			);
			defaultConfigurationIsVisible = 0;
			defaultConfigurationName = Release;
		};
		C91B0AC720BF822200A28EA9 /* Build configuration list for PBXNativeTarget "03-单选和复选框" */ = {
			isa = XCConfigurationList;
			buildConfigurations = (
				C91B0AC820BF822200A28EA9 /* Debug */,
				C91B0AC920BF822200A28EA9 /* Release */,
			);
			defaultConfigurationIsVisible = 0;
			defaultConfigurationName = Release;
		};
		C91B0ACA20BF822200A28EA9 /* Build configuration list for PBXNativeTarget "03-单选和复选框Tests" */ = {
			isa = XCConfigurationList;
			buildConfigurations = (
				C91B0ACB20BF822200A28EA9 /* Debug */,
				C91B0ACC20BF822200A28EA9 /* Release */,
			);
			defaultConfigurationIsVisible = 0;
			defaultConfigurationName = Release;
		};
		C91B0ACD20BF822200A28EA9 /* Build configuration list for PBXNativeTarget "03-单选和复选框UITests" */ = {
			isa = XCConfigurationList;
			buildConfigurations = (
				C91B0ACE20BF822200A28EA9 /* Debug */,
				C91B0ACF20BF822200A28EA9 /* Release */,
			);
			defaultConfigurationIsVisible = 0;
			defaultConfigurationName = Release;
		};
/* End XCConfigurationList section */
	};
	rootObject = C91B0A9720BF822000A28EA9 /* Project object */;
}
